
Microsoft Visual Studio Solution File, Format Version 12.00
# Visual Studio 2013
VisualStudioVersion = 12.0.21005.1
MinimumVisualStudioVersion = 10.0.40219.1
Project("{FAE04EC0-301F-11D3-BF4B-00C04F79EFBC}") = "Json.YC.Reader", "Json.YC.Reader\Json.YC.Reader.csproj", "{85143091-1B70-47D0-A892-8F56B0E15967}"
EndProject
Project("{FAE04EC0-301F-11D3-BF4B-00C04F79EFBC}") = "JYCR_Test", "JYCR_Test\JYCR_Test.csproj", "{DFA09CD1-E547-423A-93B8-F53963E125E3}"
EndProject
Global
	GlobalSection(SolutionConfigurationPlatforms) = preSolution
		Debug|Any CPU = Debug|Any CPU
		Release|Any CPU = Release|Any CPU
	EndGlobalSection
	GlobalSection(ProjectConfigurationPlatforms) = postSolution
		{85143091-1B70-47D0-A892-8F56B0E15967}.Debug|Any CPU.ActiveCfg = Debug|Any CPU
		{85143091-1B70-47D0-A892-8F56B0E15967}.Debug|Any CPU.Build.0 = Debug|Any CPU
		{85143091-1B70-47D0-A892-8F56B0E15967}.Release|Any CPU.ActiveCfg = Release|Any CPU
		{85143091-1B70-47D0-A892-8F56B0E15967}.Release|Any CPU.Build.0 = Release|Any CPU
		{DFA09CD1-E547-423A-93B8-F53963E125E3}.Debug|Any CPU.ActiveCfg = Debug|Any CPU
		{DFA09CD1-E547-423A-93B8-F53963E125E3}.Debug|Any CPU.Build.0 = Debug|Any CPU
		{DFA09CD1-E547-423A-93B8-F53963E125E3}.Release|Any CPU.ActiveCfg = Release|Any CPU
		{DFA09CD1-E547-423A-93B8-F53963E125E3}.Release|Any CPU.Build.0 = Release|Any CPU
	EndGlobalSection
	GlobalSection(SolutionProperties) = preSolution
		HideSolutionNode = FALSE
	EndGlobalSection
EndGlobal
